
Microsoft Visual Studio Solution File, Format Version 12.00
# Visual Studio Version 17
VisualStudioVersion = 17.0.32014.148
MinimumVisualStudioVersion = 10.0.40219.1
Project("{FAE04EC0-301F-11D3-BF4B-00C04F79EFBC}") = "DIO.Gaming", "DIO.Gaming\DIO.Gaming.csproj", "{63A9E54A-37A9-4153-99E5-0671EAB99843}"
EndProject
Global
	GlobalSection(SolutionConfigurationPlatforms) = preSolution
		Debug|Any CPU = Debug|Any CPU
		Release|Any CPU = Release|Any CPU
	EndGlobalSection
	GlobalSection(ProjectConfigurationPlatforms) = postSolution
		{63A9E54A-37A9-4153-99E5-0671EAB99843}.Debug|Any CPU.ActiveCfg = Debug|Any CPU
		{63A9E54A-37A9-4153-99E5-0671EAB99843}.Debug|Any CPU.Build.0 = Debug|Any CPU
		{63A9E54A-37A9-4153-99E5-0671EAB99843}.Release|Any CPU.ActiveCfg = Release|Any CPU
		{63A9E54A-37A9-4153-99E5-0671EAB99843}.Release|Any CPU.Build.0 = Release|Any CPU
	EndGlobalSection
	GlobalSection(SolutionProperties) = preSolution
		HideSolutionNode = FALSE
	EndGlobalSection
	GlobalSection(ExtensibilityGlobals) = postSolution
		SolutionGuid = {1C963C75-928F-4E5E-82B9-B70E54C05E82}
	EndGlobalSection
EndGlobal
